
Microsoft Visual Studio Solution File, Format Version 12.00
# Visual Studio 15
VisualStudioVersion = 15.0.28307.1300
MinimumVisualStudioVersion = 10.0.40219.1
Project("{FAE04EC0-301F-11D3-BF4B-00C04F79EFBC}") = "TravelTripProje", "TravelTripProje\TravelTripProje.csproj", "{B73EEEFE-E85D-41C2-9041-B3510DC3432B}"
EndProject
Global
	GlobalSection(SolutionConfigurationPlatforms) = preSolution
		Debug|Any CPU = Debug|Any CPU
		Release|Any CPU = Release|Any CPU
	EndGlobalSection
	GlobalSection(ProjectConfigurationPlatforms) = postSolution
		{B73EEEFE-E85D-41C2-9041-B3510DC3432B}.Debug|Any CPU.ActiveCfg = Debug|Any CPU
		{B73EEEFE-E85D-41C2-9041-B3510DC3432B}.Debug|Any CPU.Build.0 = Debug|Any CPU
		{B73EEEFE-E85D-41C2-9041-B3510DC3432B}.Release|Any CPU.ActiveCfg = Release|Any CPU
		{B73EEEFE-E85D-41C2-9041-B3510DC3432B}.Release|Any CPU.Build.0 = Release|Any CPU
	EndGlobalSection
	GlobalSection(SolutionProperties) = preSolution
		HideSolutionNode = FALSE
	EndGlobalSection
	GlobalSection(ExtensibilityGlobals) = postSolution
		SolutionGuid = {1D38E42B-4EAE-446E-B891-D04FD40BFBD7}
	EndGlobalSection
EndGlobal
